// !$*UTF8*$!
{
	archiveVersion = 1;
	classes = {
	};
	objectVersion = 56;
	objects = {

/* Begin PBXBuildFile section */
		4A17033A2BAD9EE90012CF46 /* SnapKit in Frameworks */ = {isa = PBXBuildFile; productRef = 4A1703392BAD9EE90012CF46 /* SnapKit */; };
		4A17033C2BAD9EE90012CF46 /* SnapKit-Dynamic in Frameworks */ = {isa = PBXBuildFile; productRef = 4A17033B2BAD9EE90012CF46 /* SnapKit-Dynamic */; };
		4A17033E2BADD19A0012CF46 /* Enums.swift in Sources */ = {isa = PBXBuildFile; fileRef = 4A17033D2BADD19A0012CF46 /* Enums.swift */; };
		4A1703402BADEA2F0012CF46 /* KPSections.swift in Sources */ = {isa = PBXBuildFile; fileRef = 4A17033F2BADEA2F0012CF46 /* KPSections.swift */; };
		4A1703422BAF1C530012CF46 /* DataManager.swift in Sources */ = {isa = PBXBuildFile; fileRef = 4A1703412BAF1C530012CF46 /* DataManager.swift */; };
		4A1703462BB1A9490012CF46 /* SectionHeaderView.swift in Sources */ = {isa = PBXBuildFile; fileRef = 4A1703452BB1A9480012CF46 /* SectionHeaderView.swift */; };
		4A1703482BB1D93E0012CF46 /* Genre.swift in Sources */ = {isa = PBXBuildFile; fileRef = 4A1703472BB1D93E0012CF46 /* Genre.swift */; };
		4A17034A2BB3150E0012CF46 /* CategoryCell.swift in Sources */ = {isa = PBXBuildFile; fileRef = 4A1703492BB3150E0012CF46 /* CategoryCell.swift */; };
		4A17034C2BB32C9B0012CF46 /* Person.swift in Sources */ = {isa = PBXBuildFile; fileRef = 4A17034B2BB32C9B0012CF46 /* Person.swift */; };
		4A943F462BA1E5310019C505 /* AppDelegate.swift in Sources */ = {isa = PBXBuildFile; fileRef = 4A943F452BA1E5310019C505 /* AppDelegate.swift */; };
		4A943F482BA1E5310019C505 /* SceneDelegate.swift in Sources */ = {isa = PBXBuildFile; fileRef = 4A943F472BA1E5310019C505 /* SceneDelegate.swift */; };
		4A943F4A2BA1E5310019C505 /* HomeViewController.swift in Sources */ = {isa = PBXBuildFile; fileRef = 4A943F492BA1E5310019C505 /* HomeViewController.swift */; };
		4A943F4F2BA1E5400019C505 /* Assets.xcassets in Resources */ = {isa = PBXBuildFile; fileRef = 4A943F4E2BA1E5400019C505 /* Assets.xcassets */; };
		4A943F5C2BA1ED340019C505 /* LaunchScreen.storyboard in Resources */ = {isa = PBXBuildFile; fileRef = 4A943F5B2BA1ED340019C505 /* LaunchScreen.storyboard */; };
		4A943F622BA4874B0019C505 /* MainTabBarController.swift in Sources */ = {isa = PBXBuildFile; fileRef = 4A943F612BA4874A0019C505 /* MainTabBarController.swift */; };
		4A943F642BA48DF40019C505 /* ProfileViewController.swift in Sources */ = {isa = PBXBuildFile; fileRef = 4A943F632BA48DF40019C505 /* ProfileViewController.swift */; };
		4A943F662BA6F8D80019C505 /* NetworkingManager.swift in Sources */ = {isa = PBXBuildFile; fileRef = 4A943F652BA6F8D80019C505 /* NetworkingManager.swift */; };
		4A943F692BA70A000019C505 /* Alamofire in Frameworks */ = {isa = PBXBuildFile; productRef = 4A943F682BA70A000019C505 /* Alamofire */; };
		4A943F6B2BA70A000019C505 /* AlamofireDynamic in Frameworks */ = {isa = PBXBuildFile; productRef = 4A943F6A2BA70A000019C505 /* AlamofireDynamic */; };
		4A943F702BA726600019C505 /* Movie.swift in Sources */ = {isa = PBXBuildFile; fileRef = 4A943F6F2BA726600019C505 /* Movie.swift */; };
		4AA667292BAAF9B800F093FF /* KPSearchCell.swift in Sources */ = {isa = PBXBuildFile; fileRef = 4AA667282BAAF9B800F093FF /* KPSearchCell.swift */; };
		4AA6672B2BAAFFD900F093FF /* ImageCacheManager.swift in Sources */ = {isa = PBXBuildFile; fileRef = 4AA6672A2BAAFFD900F093FF /* ImageCacheManager.swift */; };
		4AA6672E2BAB2E0D00F093FF /* Extensions.swift in Sources */ = {isa = PBXBuildFile; fileRef = 4AA6672D2BAB2E0D00F093FF /* Extensions.swift */; };
		4AA667312BAC30DB00F093FF /* Kingfisher in Frameworks */ = {isa = PBXBuildFile; productRef = 4AA667302BAC30DB00F093FF /* Kingfisher */; };
		4AA667332BAC901A00F093FF /* KPCollection.swift in Sources */ = {isa = PBXBuildFile; fileRef = 4AA667322BAC901A00F093FF /* KPCollection.swift */; };
/* End PBXBuildFile section */

/* Begin PBXFileReference section */
		4A17033D2BADD19A0012CF46 /* Enums.swift */ = {isa = PBXFileReference; lastKnownFileType = sourcecode.swift; path = Enums.swift; sourceTree = "<group>"; };
		4A17033F2BADEA2F0012CF46 /* KPSections.swift */ = {isa = PBXFileReference; lastKnownFileType = sourcecode.swift; path = KPSections.swift; sourceTree = "<group>"; };
		4A1703412BAF1C530012CF46 /* DataManager.swift */ = {isa = PBXFileReference; lastKnownFileType = sourcecode.swift; path = DataManager.swift; sourceTree = "<group>"; };
		4A1703452BB1A9480012CF46 /* SectionHeaderView.swift */ = {isa = PBXFileReference; lastKnownFileType = sourcecode.swift; path = SectionHeaderView.swift; sourceTree = "<group>"; };
		4A1703472BB1D93E0012CF46 /* Genre.swift */ = {isa = PBXFileReference; lastKnownFileType = sourcecode.swift; path = Genre.swift; sourceTree = "<group>"; };
		4A1703492BB3150E0012CF46 /* CategoryCell.swift */ = {isa = PBXFileReference; lastKnownFileType = sourcecode.swift; path = CategoryCell.swift; sourceTree = "<group>"; };
		4A17034B2BB32C9B0012CF46 /* Person.swift */ = {isa = PBXFileReference; lastKnownFileType = sourcecode.swift; path = Person.swift; sourceTree = "<group>"; };
		4A943F422BA1E5310019C505 /* KinopoiskListApp.app */ = {isa = PBXFileReference; explicitFileType = wrapper.application; includeInIndex = 0; path = KinopoiskListApp.app; sourceTree = BUILT_PRODUCTS_DIR; };
		4A943F452BA1E5310019C505 /* AppDelegate.swift */ = {isa = PBXFileReference; lastKnownFileType = sourcecode.swift; path = AppDelegate.swift; sourceTree = "<group>"; };
		4A943F472BA1E5310019C505 /* SceneDelegate.swift */ = {isa = PBXFileReference; lastKnownFileType = sourcecode.swift; path = SceneDelegate.swift; sourceTree = "<group>"; };
		4A943F492BA1E5310019C505 /* HomeViewController.swift */ = {isa = PBXFileReference; lastKnownFileType = sourcecode.swift; path = HomeViewController.swift; sourceTree = "<group>"; };
		4A943F4E2BA1E5400019C505 /* Assets.xcassets */ = {isa = PBXFileReference; lastKnownFileType = folder.assetcatalog; path = Assets.xcassets; sourceTree = "<group>"; };
		4A943F532BA1E5400019C505 /* Info.plist */ = {isa = PBXFileReference; lastKnownFileType = text.plist.xml; path = Info.plist; sourceTree = "<group>"; };
		4A943F5B2BA1ED340019C505 /* LaunchScreen.storyboard */ = {isa = PBXFileReference; lastKnownFileType = file.storyboard; path = LaunchScreen.storyboard; sourceTree = "<group>"; };
		4A943F612BA4874A0019C505 /* MainTabBarController.swift */ = {isa = PBXFileReference; lastKnownFileType = sourcecode.swift; path = MainTabBarController.swift; sourceTree = "<group>"; };
		4A943F632BA48DF40019C505 /* ProfileViewController.swift */ = {isa = PBXFileReference; lastKnownFileType = sourcecode.swift; path = ProfileViewController.swift; sourceTree = "<group>"; };
		4A943F652BA6F8D80019C505 /* NetworkingManager.swift */ = {isa = PBXFileReference; lastKnownFileType = sourcecode.swift; path = NetworkingManager.swift; sourceTree = "<group>"; };
		4A943F6F2BA726600019C505 /* Movie.swift */ = {isa = PBXFileReference; lastKnownFileType = sourcecode.swift; path = Movie.swift; sourceTree = "<group>"; };
		4AA667282BAAF9B800F093FF /* KPSearchCell.swift */ = {isa = PBXFileReference; lastKnownFileType = sourcecode.swift; path = KPSearchCell.swift; sourceTree = "<group>"; };
		4AA6672A2BAAFFD900F093FF /* ImageCacheManager.swift */ = {isa = PBXFileReference; lastKnownFileType = sourcecode.swift; path = ImageCacheManager.swift; sourceTree = "<group>"; };
		4AA6672D2BAB2E0D00F093FF /* Extensions.swift */ = {isa = PBXFileReference; lastKnownFileType = sourcecode.swift; path = Extensions.swift; sourceTree = "<group>"; };
		4AA667322BAC901A00F093FF /* KPCollection.swift */ = {isa = PBXFileReference; lastKnownFileType = sourcecode.swift; path = KPCollection.swift; sourceTree = "<group>"; };
/* End PBXFileReference section */

/* Begin PBXFrameworksBuildPhase section */
		4A943F3F2BA1E5310019C505 /* Frameworks */ = {
			isa = PBXFrameworksBuildPhase;
			buildActionMask = 2147483647;
			files = (
				4AA667312BAC30DB00F093FF /* Kingfisher in Frameworks */,
				4A943F692BA70A000019C505 /* Alamofire in Frameworks */,
				4A943F6B2BA70A000019C505 /* AlamofireDynamic in Frameworks */,
				4A17033A2BAD9EE90012CF46 /* SnapKit in Frameworks */,
				4A17033C2BAD9EE90012CF46 /* SnapKit-Dynamic in Frameworks */,
			);
			runOnlyForDeploymentPostprocessing = 0;
		};
/* End PBXFrameworksBuildPhase section */

/* Begin PBXGroup section */
		4A943F392BA1E5310019C505 = {
			isa = PBXGroup;
			children = (
				4A943F442BA1E5310019C505 /* KinopoiskListApp */,
				4A943F432BA1E5310019C505 /* Products */,
			);
			sourceTree = "<group>";
		};
		4A943F432BA1E5310019C505 /* Products */ = {
			isa = PBXGroup;
			children = (
				4A943F422BA1E5310019C505 /* KinopoiskListApp.app */,
			);
			name = Products;
			sourceTree = "<group>";
		};
		4A943F442BA1E5310019C505 /* KinopoiskListApp */ = {
			isa = PBXGroup;
			children = (
				4A943F592BA1E5EF0019C505 /* App */,
				4AA6672C2BAB2DA200F093FF /* Support Files */,
				4A943F5E2BA2058A0019C505 /* Services */,
				4A943F5D2BA2057E0019C505 /* Entities */,
				4A943F602BA205BB0019C505 /* Modules */,
				4A943F5A2BA1EA1E0019C505 /* Resourses */,
			);
			path = KinopoiskListApp;
			sourceTree = "<group>";
		};
		4A943F592BA1E5EF0019C505 /* App */ = {
			isa = PBXGroup;
			children = (
				4A943F452BA1E5310019C505 /* AppDelegate.swift */,
				4A943F472BA1E5310019C505 /* SceneDelegate.swift */,
				4A943F5B2BA1ED340019C505 /* LaunchScreen.storyboard */,
			);
			path = App;
			sourceTree = "<group>";
		};
		4A943F5A2BA1EA1E0019C505 /* Resourses */ = {
			isa = PBXGroup;
			children = (
				4A943F4E2BA1E5400019C505 /* Assets.xcassets */,
				4A943F532BA1E5400019C505 /* Info.plist */,
			);
			path = Resourses;
			sourceTree = "<group>";
		};
		4A943F5D2BA2057E0019C505 /* Entities */ = {
			isa = PBXGroup;
			children = (
				4A17033F2BADEA2F0012CF46 /* KPSections.swift */,
				4A943F6F2BA726600019C505 /* Movie.swift */,
				4AA667322BAC901A00F093FF /* KPCollection.swift */,
				4A1703472BB1D93E0012CF46 /* Genre.swift */,
				4A17034B2BB32C9B0012CF46 /* Person.swift */,
			);
			path = Entities;
			sourceTree = "<group>";
		};
		4A943F5E2BA2058A0019C505 /* Services */ = {
			isa = PBXGroup;
			children = (
				4A943F652BA6F8D80019C505 /* NetworkingManager.swift */,
				4AA6672A2BAAFFD900F093FF /* ImageCacheManager.swift */,
				4A1703412BAF1C530012CF46 /* DataManager.swift */,
			);
			path = Services;
			sourceTree = "<group>";
		};
		4A943F602BA205BB0019C505 /* Modules */ = {
			isa = PBXGroup;
			children = (
				4A943F612BA4874A0019C505 /* MainTabBarController.swift */,
				4AA667282BAAF9B800F093FF /* KPSearchCell.swift */,
				4A1703452BB1A9480012CF46 /* SectionHeaderView.swift */,
				4A943F492BA1E5310019C505 /* HomeViewController.swift */,
				4A943F632BA48DF40019C505 /* ProfileViewController.swift */,
				4A1703492BB3150E0012CF46 /* CategoryCell.swift */,
			);
			path = Modules;
			sourceTree = "<group>";
		};
		4AA6672C2BAB2DA200F093FF /* Support Files */ = {
			isa = PBXGroup;
			children = (
				4AA6672D2BAB2E0D00F093FF /* Extensions.swift */,
				4A17033D2BADD19A0012CF46 /* Enums.swift */,
			);
			path = "Support Files";
			sourceTree = "<group>";
		};
/* End PBXGroup section */

/* Begin PBXNativeTarget section */
		4A943F412BA1E5310019C505 /* KinopoiskListApp */ = {
			isa = PBXNativeTarget;
			buildConfigurationList = 4A943F562BA1E5400019C505 /* Build configuration list for PBXNativeTarget "KinopoiskListApp" */;
			buildPhases = (
				4A943F3E2BA1E5310019C505 /* Sources */,
				4A943F3F2BA1E5310019C505 /* Frameworks */,
				4A943F402BA1E5310019C505 /* Resources */,
			);
			buildRules = (
			);
			dependencies = (
			);
			name = KinopoiskListApp;
			packageProductDependencies = (
				4A943F682BA70A000019C505 /* Alamofire */,
				4A943F6A2BA70A000019C505 /* AlamofireDynamic */,
				4AA667302BAC30DB00F093FF /* Kingfisher */,
				4A1703392BAD9EE90012CF46 /* SnapKit */,
				4A17033B2BAD9EE90012CF46 /* SnapKit-Dynamic */,
			);
			productName = KinopoiskListApp;
			productReference = 4A943F422BA1E5310019C505 /* KinopoiskListApp.app */;
			productType = "com.apple.product-type.application";
		};
/* End PBXNativeTarget section */

/* Begin PBXProject section */
		4A943F3A2BA1E5310019C505 /* Project object */ = {
			isa = PBXProject;
			attributes = {
				BuildIndependentTargetsInParallel = 1;
				LastSwiftUpdateCheck = 1520;
				LastUpgradeCheck = 1520;
				TargetAttributes = {
					4A943F412BA1E5310019C505 = {
						CreatedOnToolsVersion = 15.2;
					};
				};
			};
			buildConfigurationList = 4A943F3D2BA1E5310019C505 /* Build configuration list for PBXProject "KinopoiskListApp" */;
			compatibilityVersion = "Xcode 14.0";
			developmentRegion = en;
			hasScannedForEncodings = 0;
			knownRegions = (
				en,
				Base,
			);
			mainGroup = 4A943F392BA1E5310019C505;
			packageReferences = (
				4A943F672BA70A000019C505 /* XCRemoteSwiftPackageReference "Alamofire" */,
				4AA6672F2BAC30DB00F093FF /* XCRemoteSwiftPackageReference "Kingfisher" */,
				4A1703382BAD9EE90012CF46 /* XCRemoteSwiftPackageReference "SnapKit" */,
			);
			productRefGroup = 4A943F432BA1E5310019C505 /* Products */;
			projectDirPath = "";
			projectRoot = "";
			targets = (
				4A943F412BA1E5310019C505 /* KinopoiskListApp */,
			);
		};
/* End PBXProject section */

/* Begin PBXResourcesBuildPhase section */
		4A943F402BA1E5310019C505 /* Resources */ = {
			isa = PBXResourcesBuildPhase;
			buildActionMask = 2147483647;
			files = (
				4A943F4F2BA1E5400019C505 /* Assets.xcassets in Resources */,
				4A943F5C2BA1ED340019C505 /* LaunchScreen.storyboard in Resources */,
			);
			runOnlyForDeploymentPostprocessing = 0;
		};
/* End PBXResourcesBuildPhase section */

/* Begin PBXSourcesBuildPhase section */
		4A943F3E2BA1E5310019C505 /* Sources */ = {
			isa = PBXSourcesBuildPhase;
			buildActionMask = 2147483647;
			files = (
				4A943F4A2BA1E5310019C505 /* HomeViewController.swift in Sources */,
				4A1703402BADEA2F0012CF46 /* KPSections.swift in Sources */,
				4A943F462BA1E5310019C505 /* AppDelegate.swift in Sources */,
				4A1703422BAF1C530012CF46 /* DataManager.swift in Sources */,
				4AA6672B2BAAFFD900F093FF /* ImageCacheManager.swift in Sources */,
				4AA667332BAC901A00F093FF /* KPCollection.swift in Sources */,
				4A17034C2BB32C9B0012CF46 /* Person.swift in Sources */,
				4AA667292BAAF9B800F093FF /* KPSearchCell.swift in Sources */,
				4A17034A2BB3150E0012CF46 /* CategoryCell.swift in Sources */,
				4A1703482BB1D93E0012CF46 /* Genre.swift in Sources */,
				4A1703462BB1A9490012CF46 /* SectionHeaderView.swift in Sources */,
				4A943F642BA48DF40019C505 /* ProfileViewController.swift in Sources */,
				4AA6672E2BAB2E0D00F093FF /* Extensions.swift in Sources */,
				4A943F662BA6F8D80019C505 /* NetworkingManager.swift in Sources */,
				4A943F622BA4874B0019C505 /* MainTabBarController.swift in Sources */,
				4A943F482BA1E5310019C505 /* SceneDelegate.swift in Sources */,
				4A17033E2BADD19A0012CF46 /* Enums.swift in Sources */,
				4A943F702BA726600019C505 /* Movie.swift in Sources */,
			);
			runOnlyForDeploymentPostprocessing = 0;
		};
/* End PBXSourcesBuildPhase section */

/* Begin XCBuildConfiguration section */
		4A943F542BA1E5400019C505 /* Debug */ = {
			isa = XCBuildConfiguration;
			buildSettings = {
				ALWAYS_SEARCH_USER_PATHS = NO;
				ASSETCATALOG_COMPILER_GENERATE_SWIFT_ASSET_SYMBOL_EXTENSIONS = YES;
				CLANG_ANALYZER_NONNULL = YES;
				CLANG_ANALYZER_NUMBER_OBJECT_CONVERSION = YES_AGGRESSIVE;
				CLANG_CXX_LANGUAGE_STANDARD = "gnu++20";
				CLANG_ENABLE_MODULES = YES;
				CLANG_ENABLE_OBJC_ARC = YES;
				CLANG_ENABLE_OBJC_WEAK = YES;
				CLANG_WARN_BLOCK_CAPTURE_AUTORELEASING = YES;
				CLANG_WARN_BOOL_CONVERSION = YES;
				CLANG_WARN_COMMA = YES;
				CLANG_WARN_CONSTANT_CONVERSION = YES;
				CLANG_WARN_DEPRECATED_OBJC_IMPLEMENTATIONS = YES;
				CLANG_WARN_DIRECT_OBJC_ISA_USAGE = YES_ERROR;
				CLANG_WARN_DOCUMENTATION_COMMENTS = YES;
				CLANG_WARN_EMPTY_BODY = YES;
				CLANG_WARN_ENUM_CONVERSION = YES;
				CLANG_WARN_INFINITE_RECURSION = YES;
				CLANG_WARN_INT_CONVERSION = YES;
				CLANG_WARN_NON_LITERAL_NULL_CONVERSION = YES;
				CLANG_WARN_OBJC_IMPLICIT_RETAIN_SELF = YES;
				CLANG_WARN_OBJC_LITERAL_CONVERSION = YES;
				CLANG_WARN_OBJC_ROOT_CLASS = YES_ERROR;
				CLANG_WARN_QUOTED_INCLUDE_IN_FRAMEWORK_HEADER = YES;
				CLANG_WARN_RANGE_LOOP_ANALYSIS = YES;
				CLANG_WARN_STRICT_PROTOTYPES = YES;
				CLANG_WARN_SUSPICIOUS_MOVE = YES;
				CLANG_WARN_UNGUARDED_AVAILABILITY = YES_AGGRESSIVE;
				CLANG_WARN_UNREACHABLE_CODE = YES;
				CLANG_WARN__DUPLICATE_METHOD_MATCH = YES;
				COPY_PHASE_STRIP = NO;
				DEBUG_INFORMATION_FORMAT = dwarf;
				ENABLE_STRICT_OBJC_MSGSEND = YES;
				ENABLE_TESTABILITY = YES;
				ENABLE_USER_SCRIPT_SANDBOXING = YES;
				GCC_C_LANGUAGE_STANDARD = gnu17;
				GCC_DYNAMIC_NO_PIC = NO;
				GCC_NO_COMMON_BLOCKS = YES;
				GCC_OPTIMIZATION_LEVEL = 0;
				GCC_PREPROCESSOR_DEFINITIONS = (
					"DEBUG=1",
					"$(inherited)",
				);
				GCC_WARN_64_TO_32_BIT_CONVERSION = YES;
				GCC_WARN_ABOUT_RETURN_TYPE = YES_ERROR;
				GCC_WARN_UNDECLARED_SELECTOR = YES;
				GCC_WARN_UNINITIALIZED_AUTOS = YES_AGGRESSIVE;
				GCC_WARN_UNUSED_FUNCTION = YES;
				GCC_WARN_UNUSED_VARIABLE = YES;
				IPHONEOS_DEPLOYMENT_TARGET = 17.2;
				LOCALIZATION_PREFERS_STRING_CATALOGS = YES;
				MTL_ENABLE_DEBUG_INFO = INCLUDE_SOURCE;
				MTL_FAST_MATH = YES;
				ONLY_ACTIVE_ARCH = YES;
				SDKROOT = iphoneos;
				SWIFT_ACTIVE_COMPILATION_CONDITIONS = "DEBUG $(inherited)";
				SWIFT_OPTIMIZATION_LEVEL = "-Onone";
			};
			name = Debug;
		};
		4A943F552BA1E5400019C505 /* Release */ = {
			isa = XCBuildConfiguration;
			buildSettings = {
				ALWAYS_SEARCH_USER_PATHS = NO;
				ASSETCATALOG_COMPILER_GENERATE_SWIFT_ASSET_SYMBOL_EXTENSIONS = YES;
				CLANG_ANALYZER_NONNULL = YES;
				CLANG_ANALYZER_NUMBER_OBJECT_CONVERSION = YES_AGGRESSIVE;
				CLANG_CXX_LANGUAGE_STANDARD = "gnu++20";
				CLANG_ENABLE_MODULES = YES;
				CLANG_ENABLE_OBJC_ARC = YES;
				CLANG_ENABLE_OBJC_WEAK = YES;
				CLANG_WARN_BLOCK_CAPTURE_AUTORELEASING = YES;
				CLANG_WARN_BOOL_CONVERSION = YES;
				CLANG_WARN_COMMA = YES;
				CLANG_WARN_CONSTANT_CONVERSION = YES;
				CLANG_WARN_DEPRECATED_OBJC_IMPLEMENTATIONS = YES;
				CLANG_WARN_DIRECT_OBJC_ISA_USAGE = YES_ERROR;
				CLANG_WARN_DOCUMENTATION_COMMENTS = YES;
				CLANG_WARN_EMPTY_BODY = YES;
				CLANG_WARN_ENUM_CONVERSION = YES;
				CLANG_WARN_INFINITE_RECURSION = YES;
				CLANG_WARN_INT_CONVERSION = YES;
				CLANG_WARN_NON_LITERAL_NULL_CONVERSION = YES;
				CLANG_WARN_OBJC_IMPLICIT_RETAIN_SELF = YES;
				CLANG_WARN_OBJC_LITERAL_CONVERSION = YES;
				CLANG_WARN_OBJC_ROOT_CLASS = YES_ERROR;
				CLANG_WARN_QUOTED_INCLUDE_IN_FRAMEWORK_HEADER = YES;
				CLANG_WARN_RANGE_LOOP_ANALYSIS = YES;
				CLANG_WARN_STRICT_PROTOTYPES = YES;
				CLANG_WARN_SUSPICIOUS_MOVE = YES;
				CLANG_WARN_UNGUARDED_AVAILABILITY = YES_AGGRESSIVE;
				CLANG_WARN_UNREACHABLE_CODE = YES;
				CLANG_WARN__DUPLICATE_METHOD_MATCH = YES;
				COPY_PHASE_STRIP = NO;
				DEBUG_INFORMATION_FORMAT = "dwarf-with-dsym";
				ENABLE_NS_ASSERTIONS = NO;
				ENABLE_STRICT_OBJC_MSGSEND = YES;
				ENABLE_USER_SCRIPT_SANDBOXING = YES;
				GCC_C_LANGUAGE_STANDARD = gnu17;
				GCC_NO_COMMON_BLOCKS = YES;
				GCC_WARN_64_TO_32_BIT_CONVERSION = YES;
				GCC_WARN_ABOUT_RETURN_TYPE = YES_ERROR;
				GCC_WARN_UNDECLARED_SELECTOR = YES;
				GCC_WARN_UNINITIALIZED_AUTOS = YES_AGGRESSIVE;
				GCC_WARN_UNUSED_FUNCTION = YES;
				GCC_WARN_UNUSED_VARIABLE = YES;
				IPHONEOS_DEPLOYMENT_TARGET = 17.2;
				LOCALIZATION_PREFERS_STRING_CATALOGS = YES;
				MTL_ENABLE_DEBUG_INFO = NO;
				MTL_FAST_MATH = YES;
				SDKROOT = iphoneos;
				SWIFT_COMPILATION_MODE = wholemodule;
				VALIDATE_PRODUCT = YES;
			};
			name = Release;
		};
		4A943F572BA1E5400019C505 /* Debug */ = {
			isa = XCBuildConfiguration;
			buildSettings = {
				ASSETCATALOG_COMPILER_APPICON_NAME = AppIcon;
				ASSETCATALOG_COMPILER_GLOBAL_ACCENT_COLOR_NAME = AccentColor;
				CODE_SIGN_STYLE = Automatic;
				CURRENT_PROJECT_VERSION = 1;
				DEVELOPMENT_TEAM = ZDU8QSD76H;
				GENERATE_INFOPLIST_FILE = YES;
				INFOPLIST_FILE = KinopoiskListApp/Resourses/Info.plist;
				INFOPLIST_KEY_UIApplicationSupportsIndirectInputEvents = YES;
				INFOPLIST_KEY_UILaunchStoryboardName = LaunchScreen;
				INFOPLIST_KEY_UISupportedInterfaceOrientations = UIInterfaceOrientationPortrait;
				IPHONEOS_DEPLOYMENT_TARGET = 16.0;
				LD_RUNPATH_SEARCH_PATHS = (
					"$(inherited)",
					"@executable_path/Frameworks",
				);
				MARKETING_VERSION = 1.0;
				PRODUCT_BUNDLE_IDENTIFIER = iakovlev.KinopoiskListApp;
				PRODUCT_NAME = "$(TARGET_NAME)";
				SUPPORTED_PLATFORMS = "iphoneos iphonesimulator";
				SUPPORTS_MACCATALYST = NO;
				SUPPORTS_MAC_DESIGNED_FOR_IPHONE_IPAD = NO;
				SUPPORTS_XR_DESIGNED_FOR_IPHONE_IPAD = NO;
				SWIFT_EMIT_LOC_STRINGS = YES;
				SWIFT_VERSION = 5.0;
				TARGETED_DEVICE_FAMILY = 1;
			};
			name = Debug;
		};
		4A943F582BA1E5400019C505 /* Release */ = {
			isa = XCBuildConfiguration;
			buildSettings = {
				ASSETCATALOG_COMPILER_APPICON_NAME = AppIcon;
				ASSETCATALOG_COMPILER_GLOBAL_ACCENT_COLOR_NAME = AccentColor;
				CODE_SIGN_STYLE = Automatic;
				CURRENT_PROJECT_VERSION = 1;
				DEVELOPMENT_TEAM = ZDU8QSD76H;
				GENERATE_INFOPLIST_FILE = YES;
				INFOPLIST_FILE = KinopoiskListApp/Resourses/Info.plist;
				INFOPLIST_KEY_UIApplicationSupportsIndirectInputEvents = YES;
				INFOPLIST_KEY_UILaunchStoryboardName = LaunchScreen;
				INFOPLIST_KEY_UISupportedInterfaceOrientations = UIInterfaceOrientationPortrait;
				IPHONEOS_DEPLOYMENT_TARGET = 16.0;
				LD_RUNPATH_SEARCH_PATHS = (
					"$(inherited)",
					"@executable_path/Frameworks",
				);
				MARKETING_VERSION = 1.0;
				PRODUCT_BUNDLE_IDENTIFIER = iakovlev.KinopoiskListApp;
				PRODUCT_NAME = "$(TARGET_NAME)";
				SUPPORTED_PLATFORMS = "iphoneos iphonesimulator";
				SUPPORTS_MACCATALYST = NO;
				SUPPORTS_MAC_DESIGNED_FOR_IPHONE_IPAD = NO;
				SUPPORTS_XR_DESIGNED_FOR_IPHONE_IPAD = NO;
				SWIFT_EMIT_LOC_STRINGS = YES;
				SWIFT_VERSION = 5.0;
				TARGETED_DEVICE_FAMILY = 1;
			};
			name = Release;
		};
/* End XCBuildConfiguration section */

/* Begin XCConfigurationList section */
		4A943F3D2BA1E5310019C505 /* Build configuration list for PBXProject "KinopoiskListApp" */ = {
			isa = XCConfigurationList;
			buildConfigurations = (
				4A943F542BA1E5400019C505 /* Debug */,
				4A943F552BA1E5400019C505 /* Release */,
			);
			defaultConfigurationIsVisible = 0;
			defaultConfigurationName = Release;
		};
		4A943F562BA1E5400019C505 /* Build configuration list for PBXNativeTarget "KinopoiskListApp" */ = {
			isa = XCConfigurationList;
			buildConfigurations = (
				4A943F572BA1E5400019C505 /* Debug */,
				4A943F582BA1E5400019C505 /* Release */,
			);
			defaultConfigurationIsVisible = 0;
			defaultConfigurationName = Release;
		};
/* End XCConfigurationList section */

/* Begin XCRemoteSwiftPackageReference section */
		4A1703382BAD9EE90012CF46 /* XCRemoteSwiftPackageReference "SnapKit" */ = {
			isa = XCRemoteSwiftPackageReference;
			repositoryURL = "https://github.com/SnapKit/SnapKit.git";
			requirement = {
				kind = upToNextMajorVersion;
				minimumVersion = 5.7.1;
			};
		};
		4A943F672BA70A000019C505 /* XCRemoteSwiftPackageReference "Alamofire" */ = {
			isa = XCRemoteSwiftPackageReference;
			repositoryURL = "https://github.com/Alamofire/Alamofire.git";
			requirement = {
				kind = upToNextMajorVersion;
				minimumVersion = 5.9.0;
			};
		};
		4AA6672F2BAC30DB00F093FF /* XCRemoteSwiftPackageReference "Kingfisher" */ = {
			isa = XCRemoteSwiftPackageReference;
			repositoryURL = "https://github.com/onevcat/Kingfisher.git";
			requirement = {
				kind = upToNextMajorVersion;
				minimumVersion = 7.11.0;
			};
		};
/* End XCRemoteSwiftPackageReference section */

/* Begin XCSwiftPackageProductDependency section */
		4A1703392BAD9EE90012CF46 /* SnapKit */ = {
			isa = XCSwiftPackageProductDependency;
			package = 4A1703382BAD9EE90012CF46 /* XCRemoteSwiftPackageReference "SnapKit" */;
			productName = SnapKit;
		};
		4A17033B2BAD9EE90012CF46 /* SnapKit-Dynamic */ = {
			isa = XCSwiftPackageProductDependency;
			package = 4A1703382BAD9EE90012CF46 /* XCRemoteSwiftPackageReference "SnapKit" */;
			productName = "SnapKit-Dynamic";
		};
		4A943F682BA70A000019C505 /* Alamofire */ = {
			isa = XCSwiftPackageProductDependency;
			package = 4A943F672BA70A000019C505 /* XCRemoteSwiftPackageReference "Alamofire" */;
			productName = Alamofire;
		};
		4A943F6A2BA70A000019C505 /* AlamofireDynamic */ = {
			isa = XCSwiftPackageProductDependency;
			package = 4A943F672BA70A000019C505 /* XCRemoteSwiftPackageReference "Alamofire" */;
			productName = AlamofireDynamic;
		};
		4AA667302BAC30DB00F093FF /* Kingfisher */ = {
			isa = XCSwiftPackageProductDependency;
			package = 4AA6672F2BAC30DB00F093FF /* XCRemoteSwiftPackageReference "Kingfisher" */;
			productName = Kingfisher;
		};
/* End XCSwiftPackageProductDependency section */
	};
	rootObject = 4A943F3A2BA1E5310019C505 /* Project object */;
}
